{
  "sources": {
    "nginx": {
      "locked_version": "2.2.2"
    },
    "apt": {
      "locked_version": "2.3.4"
    },
    "git": {
      "locked_version": "2.9.0"
    },
    "build-essential": {
      "locked_version": "1.4.2"
    },
    "php": {
      "locked_version": "1.4.2"
    },
    "composer": {
      "locked_version": "0.0.7"
    },
    "phpmyadmin": {
      "path": "./site-cookbooks/phpmyadmin"
    },
    "unattended_upgrades": {
      "locked_version": "0.0.1",
      "git": "git@github.com:phillip/chef-unattended-upgrades.git",
      "ref": "d67f094903755bd072f6d3cb1983d2e4560fad6a"
    },
    "mysql": {
      "locked_version": "4.0.20"
    },
    "database": {
      "locked_version": "2.0.0"
    },
    "default": {
      "path": "./site-cookbooks/default"
    },
    "bluepill": {
      "locked_version": "2.3.1"
    },
    "rsyslog": {
      "locked_version": "1.10.2"
    },
    "ohai": {
      "locked_version": "1.1.12"
    },
    "runit": {
      "locked_version": "1.5.8"
    },
    "yum": {
      "locked_version": "3.0.6"
    },
    "yum-epel": {
      "locked_version": "0.2.0"
    },
    "dmg": {
      "locked_version": "2.2.0"
    },
    "windows": {
      "locked_version": "1.30.0"
    },
    "chef_handler": {
      "locked_version": "1.1.5"
    },
    "xml": {
      "locked_version": "1.2.0"
    },
    "iis": {
      "locked_version": "2.0.2"
    },
    "openssl": {
      "locked_version": "1.1.0"
    },
    "postgresql": {
      "locked_version": "3.3.4"
    },
    "aws": {
      "locked_version": "2.1.0"
    },
    "xfs": {
      "locked_version": "1.1.0"
    }
  }
}
