{
    "_readme": [
        "This file locks the dependencies of your project to a known state",
        "Read more about it at https://getcomposer.org/doc/01-basic-usage.md#installing-dependencies",
        "This file is @generated automatically"
    ],
    "content-hash": "825de783f914372bca1fe55b3d8dab12",
    "packages": [
        {
            "name": "log1x/sage-directives",
            "version": "v1.1.9",
            "source": {
                "type": "git",
                "url": "https://github.com/Log1x/sage-directives.git",
                "reference": "1162c9fa46aea11cd1495d6a8e6a1a120833308d"
            },
            "dist": {
                "type": "zip",
                "url": "https://api.github.com/repos/Log1x/sage-directives/zipball/1162c9fa46aea11cd1495d6a8e6a1a120833308d",
                "reference": "1162c9fa46aea11cd1495d6a8e6a1a120833308d",
                "shasum": ""
            },
            "require": {
                "php": ">=7.1.3"
            },
            "require-dev": {
                "squizlabs/php_codesniffer": "^3.5"
            },
            "suggest": {
                "log1x/sage-svg": "Required to use the @svg directive (Sage 10)."
            },
            "type": "package",
            "autoload": {
                "files": [
                    "src/Directives.php",
                    "src/Utilities.php"
                ]
            },
            "notification-url": "https://packagist.org/downloads/",
            "license": [
                "MIT"
            ],
            "authors": [
                {
                    "name": "Brandon Nifong",
                    "email": "brandon@tendency.me"
                }
            ],
            "description": "A set of Blade directives for use with Roots Sage.",
            "homepage": "https://github.com/log1x/sage-directives",
            "keywords": [
                "blade",
                "blade-directives",
                "directives",
                "roots",
                "sage",
                "wordpress"
            ],
            "support": {
                "issues": "https://github.com/log1x/sage-directives/issues",
                "source": "https://github.com/Log1x/sage-directives/tree/v1.1.9"
            },
            "funding": [
                {
                    "url": "https://github.com/Log1x",
                    "type": "github"
                }
            ],
            "time": "2021-02-19T15:19:22+00:00"
        },
        {
            "name": "wordpress-premium/advanced-custom-fields-pro",
            "version": "6.2.0",
            "source": {
                "type": "git",
                "url": "git@gitlab.com:wordpress-premium/advanced-custom-fields-pro.git",
                "reference": "42d5f9b458b3e28d484f2c91403b6d23488e611f"
            },
            "dist": {
                "type": "zip",
                "url": "https://gitlab.com/api/v4/projects/wordpress-premium%2Fadvanced-custom-fields-pro/repository/archive.zip?sha=42d5f9b458b3e28d484f2c91403b6d23488e611f",
                "reference": "42d5f9b458b3e28d484f2c91403b6d23488e611f",
                "shasum": ""
            },
            "type": "wordpress-plugin",
            "notification-url": "https://packagist.org/downloads/",
            "license": [
                "GPL-2.0-or-later"
            ],
            "description": "Customise WordPress with powerful, professional and intuitive fields.",
            "homepage": "https://www.advancedcustomfields.com",
            "time": "2023-08-21T21:24:29+00:00"
        }
    ],
    "packages-dev": [
        {
            "name": "squizlabs/php_codesniffer",
            "version": "3.7.2",
            "source": {
                "type": "git",
                "url": "https://github.com/squizlabs/PHP_CodeSniffer.git",
                "reference": "ed8e00df0a83aa96acf703f8c2979ff33341f879"
            },
            "dist": {
                "type": "zip",
                "url": "https://api.github.com/repos/squizlabs/PHP_CodeSniffer/zipball/ed8e00df0a83aa96acf703f8c2979ff33341f879",
                "reference": "ed8e00df0a83aa96acf703f8c2979ff33341f879",
                "shasum": ""
            },
            "require": {
                "ext-simplexml": "*",
                "ext-tokenizer": "*",
                "ext-xmlwriter": "*",
                "php": ">=5.4.0"
            },
            "require-dev": {
                "phpunit/phpunit": "^4.0 || ^5.0 || ^6.0 || ^7.0"
            },
            "bin": [
                "bin/phpcs",
                "bin/phpcbf"
            ],
            "type": "library",
            "extra": {
                "branch-alias": {
                    "dev-master": "3.x-dev"
                }
            },
            "notification-url": "https://packagist.org/downloads/",
            "license": [
                "BSD-3-Clause"
            ],
            "authors": [
                {
                    "name": "Greg Sherwood",
                    "role": "lead"
                }
            ],
            "description": "PHP_CodeSniffer tokenizes PHP, JavaScript and CSS files and detects violations of a defined set of coding standards.",
            "homepage": "https://github.com/squizlabs/PHP_CodeSniffer",
            "keywords": [
                "phpcs",
                "standards",
                "static analysis"
            ],
            "support": {
                "issues": "https://github.com/squizlabs/PHP_CodeSniffer/issues",
                "source": "https://github.com/squizlabs/PHP_CodeSniffer",
                "wiki": "https://github.com/squizlabs/PHP_CodeSniffer/wiki"
            },
            "time": "2023-02-22T23:07:41+00:00"
        }
    ],
    "aliases": [],
    "minimum-stability": "dev",
    "stability-flags": [],
    "prefer-stable": true,
    "prefer-lowest": false,
    "platform": {
        "php": "^8.2"
    },
    "platform-dev": [],
    "plugin-api-version": "2.6.0"
}
